
Microsoft Visual Studio Solution File, Format Version 12.00
# Visual Studio 15
VisualStudioVersion = 15.0.28307.168
MinimumVisualStudioVersion = 10.0.40219.1
Project("{FAE04EC0-301F-11D3-BF4B-00C04F79EFBC}") = "MordorsCruelPlan", "MordorsCruelPlan\MordorsCruelPlan.csproj", "{031F7DB0-6DCD-48DD-B52D-989FCE676B3C}"
EndProject
Project("{FAE04EC0-301F-11D3-BF4B-00C04F79EFBC}") = "ClassLibrary", "ClassLibrary\ClassLibrary.csproj", "{511402ED-9748-418F-A573-1A59C55B397B}"
EndProject
Project("{FAE04EC0-301F-11D3-BF4B-00C04F79EFBC}") = "UnitTests", "UnitTests\UnitTests.csproj", "{6698E27D-A898-48FB-A6BF-456089F8E8A9}"
EndProject
Global
	GlobalSection(SolutionConfigurationPlatforms) = preSolution
		Debug|Any CPU = Debug|Any CPU
		Release|Any CPU = Release|Any CPU
	EndGlobalSection
	GlobalSection(ProjectConfigurationPlatforms) = postSolution
		{031F7DB0-6DCD-48DD-B52D-989FCE676B3C}.Debug|Any CPU.ActiveCfg = Debug|Any CPU
		{031F7DB0-6DCD-48DD-B52D-989FCE676B3C}.Debug|Any CPU.Build.0 = Debug|Any CPU
		{031F7DB0-6DCD-48DD-B52D-989FCE676B3C}.Release|Any CPU.ActiveCfg = Release|Any CPU
		{031F7DB0-6DCD-48DD-B52D-989FCE676B3C}.Release|Any CPU.Build.0 = Release|Any CPU
		{511402ED-9748-418F-A573-1A59C55B397B}.Debug|Any CPU.ActiveCfg = Debug|Any CPU
		{511402ED-9748-418F-A573-1A59C55B397B}.Debug|Any CPU.Build.0 = Debug|Any CPU
		{511402ED-9748-418F-A573-1A59C55B397B}.Release|Any CPU.ActiveCfg = Release|Any CPU
		{511402ED-9748-418F-A573-1A59C55B397B}.Release|Any CPU.Build.0 = Release|Any CPU
		{6698E27D-A898-48FB-A6BF-456089F8E8A9}.Debug|Any CPU.ActiveCfg = Debug|Any CPU
		{6698E27D-A898-48FB-A6BF-456089F8E8A9}.Debug|Any CPU.Build.0 = Debug|Any CPU
		{6698E27D-A898-48FB-A6BF-456089F8E8A9}.Release|Any CPU.ActiveCfg = Release|Any CPU
		{6698E27D-A898-48FB-A6BF-456089F8E8A9}.Release|Any CPU.Build.0 = Release|Any CPU
	EndGlobalSection
	GlobalSection(SolutionProperties) = preSolution
		HideSolutionNode = FALSE
	EndGlobalSection
	GlobalSection(ExtensibilityGlobals) = postSolution
		SolutionGuid = {5EEBD0E9-BACF-4859-B88E-9AB2C21CA9FA}
	EndGlobalSection
EndGlobal
